PODS:
  - Flutter (1.0.0)
  - flutter_plugin_test (0.0.1):
    - Flutter

DEPENDENCIES:
  - Flutter (from `.symlinks/flutter/ios`)
  - flutter_plugin_test (from `.symlinks/plugins/flutter_plugin_test/ios`)

EXTERNAL SOURCES:
  Flutter:
    :path: ".symlinks/flutter/ios"
  flutter_plugin_test:
    :path: ".symlinks/plugins/flutter_plugin_test/ios"

SPEC CHECKSUMS:
  Flutter: 0e3d915762c693b495b44d77113d4970485de6ec
  flutter_plugin_test: 0ec12ed83b7f0e48945b44f4c32d9868e5310b97

PODFILE CHECKSUM: aff02bfeed411c636180d6812254b2daeea14d09

COCOAPODS: 1.9.0
